
Microsoft Visual Studio Solution File, Format Version 12.00
Project("{FAE04EC0-301F-11D3-BF4B-00C04F79EFBC}") = "RepetaitorAPI", "RepetaitorAPI\RepetaitorAPI.csproj", "{4DDC5EA6-5B8A-4C75-95C0-B708DB6A8C66}"
EndProject
Project("{2150E333-8FDC-42A3-9474-1A3956D46DE8}") = "Core", "Core", "{6E9CD7E2-6A10-4BF5-BD8A-250C594BE3DC}"
EndProject
Project("{2150E333-8FDC-42A3-9474-1A3956D46DE8}") = "Infrastructure", "Infrastructure", "{AB0ABF00-1FC8-4A2D-B6D1-F14ECB860FDF}"
EndProject
Project("{2150E333-8FDC-42A3-9474-1A3956D46DE8}") = "Presentation", "Presentation", "{828EC393-A69F-405D-A60D-C3D05FDA380C}"
EndProject
Project("{FAE04EC0-301F-11D3-BF4B-00C04F79EFBC}") = "Core.Application", "Core.Application\Core.Application.csproj", "{E6F63C56-C444-4B3B-AFF3-B73DD4D13D7B}"
EndProject
Project("{FAE04EC0-301F-11D3-BF4B-00C04F79EFBC}") = "Core.Domain", "Core.Domain\Core.Domain.csproj", "{9BDBC2E5-601F-4A80-A668-5835C2E3C9ED}"
EndProject
Project("{FAE04EC0-301F-11D3-BF4B-00C04F79EFBC}") = "Infrastructure.ProjectServices", "Infrastructure.ProjectServices\Infrastructure.ProjectServices.csproj", "{7E93537C-50B0-456F-A1EB-8F6BC1A5A118}"
EndProject
Project("{FAE04EC0-301F-11D3-BF4B-00C04F79EFBC}") = "Infrastructure.MailSenderService", "Infrastructure.MailSenderService\Infrastructure.MailSenderService.csproj", "{26874BF0-15A8-4042-B1AB-428270CF70A0}"
EndProject
Project("{FAE04EC0-301F-11D3-BF4B-00C04F79EFBC}") = "Infrastructure.AIService", "Infrastructure.AIService\Infrastructure.AIService.csproj", "{29610F07-C8AC-4D4A-B307-F11EC8160A01}"
EndProject
Project("{FAE04EC0-301F-11D3-BF4B-00C04F79EFBC}") = "ImagesStoreService", "ImagesStoreService\ImagesStoreService.csproj", "{559AF486-F8F3-49F7-A7DD-A6D7C41B45D6}"
EndProject
Global
	GlobalSection(SolutionConfigurationPlatforms) = preSolution
		Debug|Any CPU = Debug|Any CPU
		Release|Any CPU = Release|Any CPU
	EndGlobalSection
	GlobalSection(ProjectConfigurationPlatforms) = postSolution
		{4DDC5EA6-5B8A-4C75-95C0-B708DB6A8C66}.Debug|Any CPU.ActiveCfg = Debug|Any CPU
		{4DDC5EA6-5B8A-4C75-95C0-B708DB6A8C66}.Debug|Any CPU.Build.0 = Debug|Any CPU
		{4DDC5EA6-5B8A-4C75-95C0-B708DB6A8C66}.Release|Any CPU.ActiveCfg = Release|Any CPU
		{4DDC5EA6-5B8A-4C75-95C0-B708DB6A8C66}.Release|Any CPU.Build.0 = Release|Any CPU
		{E6F63C56-C444-4B3B-AFF3-B73DD4D13D7B}.Debug|Any CPU.ActiveCfg = Debug|Any CPU
		{E6F63C56-C444-4B3B-AFF3-B73DD4D13D7B}.Debug|Any CPU.Build.0 = Debug|Any CPU
		{E6F63C56-C444-4B3B-AFF3-B73DD4D13D7B}.Release|Any CPU.ActiveCfg = Release|Any CPU
		{E6F63C56-C444-4B3B-AFF3-B73DD4D13D7B}.Release|Any CPU.Build.0 = Release|Any CPU
		{9BDBC2E5-601F-4A80-A668-5835C2E3C9ED}.Debug|Any CPU.ActiveCfg = Debug|Any CPU
		{9BDBC2E5-601F-4A80-A668-5835C2E3C9ED}.Debug|Any CPU.Build.0 = Debug|Any CPU
		{9BDBC2E5-601F-4A80-A668-5835C2E3C9ED}.Release|Any CPU.ActiveCfg = Release|Any CPU
		{9BDBC2E5-601F-4A80-A668-5835C2E3C9ED}.Release|Any CPU.Build.0 = Release|Any CPU
		{7E93537C-50B0-456F-A1EB-8F6BC1A5A118}.Debug|Any CPU.ActiveCfg = Debug|Any CPU
		{7E93537C-50B0-456F-A1EB-8F6BC1A5A118}.Debug|Any CPU.Build.0 = Debug|Any CPU
		{7E93537C-50B0-456F-A1EB-8F6BC1A5A118}.Release|Any CPU.ActiveCfg = Release|Any CPU
		{7E93537C-50B0-456F-A1EB-8F6BC1A5A118}.Release|Any CPU.Build.0 = Release|Any CPU
		{26874BF0-15A8-4042-B1AB-428270CF70A0}.Debug|Any CPU.ActiveCfg = Debug|Any CPU
		{26874BF0-15A8-4042-B1AB-428270CF70A0}.Debug|Any CPU.Build.0 = Debug|Any CPU
		{26874BF0-15A8-4042-B1AB-428270CF70A0}.Release|Any CPU.ActiveCfg = Release|Any CPU
		{26874BF0-15A8-4042-B1AB-428270CF70A0}.Release|Any CPU.Build.0 = Release|Any CPU
		{29610F07-C8AC-4D4A-B307-F11EC8160A01}.Debug|Any CPU.ActiveCfg = Debug|Any CPU
		{29610F07-C8AC-4D4A-B307-F11EC8160A01}.Debug|Any CPU.Build.0 = Debug|Any CPU
		{29610F07-C8AC-4D4A-B307-F11EC8160A01}.Release|Any CPU.ActiveCfg = Release|Any CPU
		{29610F07-C8AC-4D4A-B307-F11EC8160A01}.Release|Any CPU.Build.0 = Release|Any CPU
		{559AF486-F8F3-49F7-A7DD-A6D7C41B45D6}.Debug|Any CPU.ActiveCfg = Debug|Any CPU
		{559AF486-F8F3-49F7-A7DD-A6D7C41B45D6}.Debug|Any CPU.Build.0 = Debug|Any CPU
		{559AF486-F8F3-49F7-A7DD-A6D7C41B45D6}.Release|Any CPU.ActiveCfg = Release|Any CPU
		{559AF486-F8F3-49F7-A7DD-A6D7C41B45D6}.Release|Any CPU.Build.0 = Release|Any CPU
	EndGlobalSection
	GlobalSection(NestedProjects) = preSolution
		{E6F63C56-C444-4B3B-AFF3-B73DD4D13D7B} = {6E9CD7E2-6A10-4BF5-BD8A-250C594BE3DC}
		{9BDBC2E5-601F-4A80-A668-5835C2E3C9ED} = {6E9CD7E2-6A10-4BF5-BD8A-250C594BE3DC}
		{4DDC5EA6-5B8A-4C75-95C0-B708DB6A8C66} = {828EC393-A69F-405D-A60D-C3D05FDA380C}
		{7E93537C-50B0-456F-A1EB-8F6BC1A5A118} = {AB0ABF00-1FC8-4A2D-B6D1-F14ECB860FDF}
		{26874BF0-15A8-4042-B1AB-428270CF70A0} = {AB0ABF00-1FC8-4A2D-B6D1-F14ECB860FDF}
		{29610F07-C8AC-4D4A-B307-F11EC8160A01} = {AB0ABF00-1FC8-4A2D-B6D1-F14ECB860FDF}
		{559AF486-F8F3-49F7-A7DD-A6D7C41B45D6} = {AB0ABF00-1FC8-4A2D-B6D1-F14ECB860FDF}
	EndGlobalSection
EndGlobal
